
Microsoft Visual Studio Solution File, Format Version 12.00
# Visual Studio 15
VisualStudioVersion = 15.0.28307.489
MinimumVisualStudioVersion = 10.0.40219.1
Project("{9A19103F-16F7-4668-BE54-9A1E7A4F7556}") = "XmlDatabase", "XmlDb\XmlDatabase.csproj", "{D027F595-54D5-420D-BC8B-01726AFC8873}"
EndProject
Project("{9A19103F-16F7-4668-BE54-9A1E7A4F7556}") = "ConsoleApp", "ConsoleApp\ConsoleApp.csproj", "{B973CBB1-1E6B-423A-BF8F-2F8094212740}"
EndProject
Project("{FAE04EC0-301F-11D3-BF4B-00C04F79EFBC}") = "ConsoleApp1", "ConsoleApp1\ConsoleApp1.csproj", "{B1F3472E-29AD-4436-9DE4-3D3E23A9D67C}"
EndProject
Global
	GlobalSection(SolutionConfigurationPlatforms) = preSolution
		Debug|Any CPU = Debug|Any CPU
		Release|Any CPU = Release|Any CPU
	EndGlobalSection
	GlobalSection(ProjectConfigurationPlatforms) = postSolution
		{D027F595-54D5-420D-BC8B-01726AFC8873}.Debug|Any CPU.ActiveCfg = Debug|Any CPU
		{D027F595-54D5-420D-BC8B-01726AFC8873}.Debug|Any CPU.Build.0 = Debug|Any CPU
		{D027F595-54D5-420D-BC8B-01726AFC8873}.Release|Any CPU.ActiveCfg = Release|Any CPU
		{D027F595-54D5-420D-BC8B-01726AFC8873}.Release|Any CPU.Build.0 = Release|Any CPU
		{B973CBB1-1E6B-423A-BF8F-2F8094212740}.Debug|Any CPU.ActiveCfg = Debug|Any CPU
		{B973CBB1-1E6B-423A-BF8F-2F8094212740}.Debug|Any CPU.Build.0 = Debug|Any CPU
		{B973CBB1-1E6B-423A-BF8F-2F8094212740}.Release|Any CPU.ActiveCfg = Release|Any CPU
		{B973CBB1-1E6B-423A-BF8F-2F8094212740}.Release|Any CPU.Build.0 = Release|Any CPU
		{B1F3472E-29AD-4436-9DE4-3D3E23A9D67C}.Debug|Any CPU.ActiveCfg = Debug|Any CPU
		{B1F3472E-29AD-4436-9DE4-3D3E23A9D67C}.Debug|Any CPU.Build.0 = Debug|Any CPU
		{B1F3472E-29AD-4436-9DE4-3D3E23A9D67C}.Release|Any CPU.ActiveCfg = Release|Any CPU
		{B1F3472E-29AD-4436-9DE4-3D3E23A9D67C}.Release|Any CPU.Build.0 = Release|Any CPU
	EndGlobalSection
	GlobalSection(SolutionProperties) = preSolution
		HideSolutionNode = FALSE
	EndGlobalSection
	GlobalSection(ExtensibilityGlobals) = postSolution
		SolutionGuid = {2FAF048C-EB52-4A1B-AFCE-798F2EB1FE38}
	EndGlobalSection
EndGlobal
